
Microsoft Visual Studio Solution File, Format Version 12.00
# Visual Studio Version 16
VisualStudioVersion = 16.0.28922.388
MinimumVisualStudioVersion = 10.0.40219.1
Project("{FAE04EC0-301F-11D3-BF4B-00C04F79EFBC}") = "TrainingUpload", "TrainingUpload\TrainingUpload.csproj", "{858C1266-F19C-46EF-8147-ED69D8E43D58}"
EndProject
Global
	GlobalSection(SolutionConfigurationPlatforms) = preSolution
		Debug|Any CPU = Debug|Any CPU
		Release|Any CPU = Release|Any CPU
	EndGlobalSection
	GlobalSection(ProjectConfigurationPlatforms) = postSolution
		{858C1266-F19C-46EF-8147-ED69D8E43D58}.Debug|Any CPU.ActiveCfg = Debug|Any CPU
		{858C1266-F19C-46EF-8147-ED69D8E43D58}.Debug|Any CPU.Build.0 = Debug|Any CPU
		{858C1266-F19C-46EF-8147-ED69D8E43D58}.Release|Any CPU.ActiveCfg = Release|Any CPU
		{858C1266-F19C-46EF-8147-ED69D8E43D58}.Release|Any CPU.Build.0 = Release|Any CPU
	EndGlobalSection
	GlobalSection(SolutionProperties) = preSolution
		HideSolutionNode = FALSE
	EndGlobalSection
	GlobalSection(ExtensibilityGlobals) = postSolution
		SolutionGuid = {F7F5F35D-2B18-48E3-9C23-42DB349F5C29}
	EndGlobalSection
EndGlobal
